// !$*UTF8*$!
{
	archiveVersion = 1;
	classes = {
	};
	objectVersion = 46;
	objects = {

/* Begin PBXBuildFile section */
		411862309F96B0CA9ED0767E /* Pods_WeiBo.framework in Frameworks */ = {isa = PBXBuildFile; fileRef = 3156A35D1937E9BB05AA6AB6 /* Pods_WeiBo.framework */; };
		4C48E50A2314D04300ABF93A /* Const.swift in Sources */ = {isa = PBXBuildFile; fileRef = 4C48E5092314D04300ABF93A /* Const.swift */; };
		4C48E5112314E0AA00ABF93A /* HttpClient.swift in Sources */ = {isa = PBXBuildFile; fileRef = 4C48E5102314E0AA00ABF93A /* HttpClient.swift */; };
		4C48E5132315086900ABF93A /* API.swift in Sources */ = {isa = PBXBuildFile; fileRef = 4C48E5122315086900ABF93A /* API.swift */; };
		4C48E51523150D8400ABF93A /* WBBaseModel.swift in Sources */ = {isa = PBXBuildFile; fileRef = 4C48E51423150D8400ABF93A /* WBBaseModel.swift */; };
		4C48E51E2315382600ABF93A /* PageStateManager.swift in Sources */ = {isa = PBXBuildFile; fileRef = 4C48E51D2315382600ABF93A /* PageStateManager.swift */; };
		4C48E537232501B800ABF93A /* Route.swift in Sources */ = {isa = PBXBuildFile; fileRef = 4C48E536232501B800ABF93A /* Route.swift */; };
		820138801EFC0AFB00244A2B /* WBStatusRetweetedCell.xib in Resources */ = {isa = PBXBuildFile; fileRef = 8201387F1EFC0AFB00244A2B /* WBStatusRetweetedCell.xib */; };
		82036D351EFBC1360074361B /* WBStatusPictureView.swift in Sources */ = {isa = PBXBuildFile; fileRef = 82036D341EFBC1360074361B /* WBStatusPictureView.swift */; };
		820436751EFA02C100A482FF /* Bundle+Extension.swift in Sources */ = {isa = PBXBuildFile; fileRef = 8204366E1EFA02C100A482FF /* Bundle+Extension.swift */; };
		820436761EFA02C100A482FF /* UIBarButtonItem+Extension.swift in Sources */ = {isa = PBXBuildFile; fileRef = 8204366F1EFA02C100A482FF /* UIBarButtonItem+Extension.swift */; };
		820436771EFA02C100A482FF /* UIButton+Extension.swift in Sources */ = {isa = PBXBuildFile; fileRef = 820436701EFA02C100A482FF /* UIButton+Extension.swift */; };
		820436781EFA02C100A482FF /* UIColor+Extension.swift in Sources */ = {isa = PBXBuildFile; fileRef = 820436711EFA02C100A482FF /* UIColor+Extension.swift */; };
		820436791EFA02C100A482FF /* UILabel+Extension.swift in Sources */ = {isa = PBXBuildFile; fileRef = 820436721EFA02C100A482FF /* UILabel+Extension.swift */; };
		820BBA1B231D89F50012ADFB /* BaseViewController.swift in Sources */ = {isa = PBXBuildFile; fileRef = 820BBA1A231D89F50012ADFB /* BaseViewController.swift */; };
		820BBA1D231D8A070012ADFB /* BaseTableViewController.swift in Sources */ = {isa = PBXBuildFile; fileRef = 820BBA1C231D8A070012ADFB /* BaseTableViewController.swift */; };
		820BBA2323216E5F0012ADFB /* WBBaseTabViewController.swift in Sources */ = {isa = PBXBuildFile; fileRef = 820BBA2223216E5F0012ADFB /* WBBaseTabViewController.swift */; };
		820BBA252323F34D0012ADFB /* BaseSectionTableViewController.swift in Sources */ = {isa = PBXBuildFile; fileRef = 820BBA242323F34D0012ADFB /* BaseSectionTableViewController.swift */; };
		8215BDD61EFA05FD00E0A642 /* WBNetworkManager.swift in Sources */ = {isa = PBXBuildFile; fileRef = 8215BDD51EFA05FD00E0A642 /* WBNetworkManager.swift */; };
		8215BDDB1EFA105300E0A642 /* WBUserAccont.swift in Sources */ = {isa = PBXBuildFile; fileRef = 8215BDDA1EFA105300E0A642 /* WBUserAccont.swift */; };
		8215BDDE1EFA21B900E0A642 /* WBOAuthViewController.swift in Sources */ = {isa = PBXBuildFile; fileRef = 8215BDDD1EFA21B900E0A642 /* WBOAuthViewController.swift */; };
		8215BDE11EFA234000E0A642 /* VisitorView.swift in Sources */ = {isa = PBXBuildFile; fileRef = 8215BDE01EFA234000E0A642 /* VisitorView.swift */; };
		8215BDF41EFA764E00E0A642 /* WBStatusListViewModel.swift in Sources */ = {isa = PBXBuildFile; fileRef = 8215BDF31EFA764E00E0A642 /* WBStatusListViewModel.swift */; };
		8215BDF81EFA76F700E0A642 /* WBStatus.swift in Sources */ = {isa = PBXBuildFile; fileRef = 8215BDF71EFA76F700E0A642 /* WBStatus.swift */; };
		8216B7B01F048FDF00650F29 /* EmotionToolView.swift in Sources */ = {isa = PBXBuildFile; fileRef = 8216B7AF1F048FDF00650F29 /* EmotionToolView.swift */; };
		8216B7B41F0496B400650F29 /* EmotionCollectionViewFlowLayout.swift in Sources */ = {isa = PBXBuildFile; fileRef = 8216B7B31F0496B400650F29 /* EmotionCollectionViewFlowLayout.swift */; };
		8216B7B81F0497E600650F29 /* EmotionCollectionViewCell.swift in Sources */ = {isa = PBXBuildFile; fileRef = 8216B7B71F0497E600650F29 /* EmotionCollectionViewCell.swift */; };
		8216B7BA1F049EC700650F29 /* UIViewFrame+Extension.swift in Sources */ = {isa = PBXBuildFile; fileRef = 8216B7B91F049EC700650F29 /* UIViewFrame+Extension.swift */; };
		8216B7BC1F04B11200650F29 /* EmotionAttachment.swift in Sources */ = {isa = PBXBuildFile; fileRef = 8216B7BB1F04B11200650F29 /* EmotionAttachment.swift */; };
		8216B7BE1F04C80B00650F29 /* EmotionTipView.swift in Sources */ = {isa = PBXBuildFile; fileRef = 8216B7BD1F04C80B00650F29 /* EmotionTipView.swift */; };
		8216B7C11F04CEE000650F29 /* NKLabel.swift in Sources */ = {isa = PBXBuildFile; fileRef = 8216B7C01F04CEE000650F29 /* NKLabel.swift */; };
		8222C2451EFB5A99008D0114 /* WBStatusCell.swift in Sources */ = {isa = PBXBuildFile; fileRef = 8222C2441EFB5A99008D0114 /* WBStatusCell.swift */; };
		8222C2491EFB5EDE008D0114 /* WBUser.swift in Sources */ = {isa = PBXBuildFile; fileRef = 8222C2481EFB5EDE008D0114 /* WBUser.swift */; };
		8222C24B1EFB6102008D0114 /* WBStatusPicture.swift in Sources */ = {isa = PBXBuildFile; fileRef = 8222C24A1EFB6102008D0114 /* WBStatusPicture.swift */; };
		8222C24D1EFB6454008D0114 /* WBStatusViewModel.swift in Sources */ = {isa = PBXBuildFile; fileRef = 8222C24C1EFB6454008D0114 /* WBStatusViewModel.swift */; };
		8222C24F1EFB6877008D0114 /* WBStatusNormalCell.xib in Resources */ = {isa = PBXBuildFile; fileRef = 8222C24E1EFB6877008D0114 /* WBStatusNormalCell.xib */; };
		8222C2511EFB921F008D0114 /* UIImageView+Extension.swift in Sources */ = {isa = PBXBuildFile; fileRef = 8222C2501EFB921F008D0114 /* UIImageView+Extension.swift */; };
		8222C2531EFB9714008D0114 /* UIImage+Extension.swift in Sources */ = {isa = PBXBuildFile; fileRef = 8222C2521EFB9714008D0114 /* UIImage+Extension.swift */; };
		8222C2551EFBAA7D008D0114 /* WBStatusTooBar.swift in Sources */ = {isa = PBXBuildFile; fileRef = 8222C2541EFBAA7D008D0114 /* WBStatusTooBar.swift */; };
		822CC27A1EFE6A4400FFEA16 /* WBWelcomView.swift in Sources */ = {isa = PBXBuildFile; fileRef = 822CC2791EFE6A4400FFEA16 /* WBWelcomView.swift */; };
		822CC27C1EFE6A5500FFEA16 /* WBWelcomView.xib in Resources */ = {isa = PBXBuildFile; fileRef = 822CC27B1EFE6A5500FFEA16 /* WBWelcomView.xib */; };
		822CC27F1EFE84C400FFEA16 /* WBNewFeatureView.swift in Sources */ = {isa = PBXBuildFile; fileRef = 822CC27E1EFE84C400FFEA16 /* WBNewFeatureView.swift */; };
		822CC2811EFE84CB00FFEA16 /* WBNewFeatureView.xib in Resources */ = {isa = PBXBuildFile; fileRef = 822CC2801EFE84CB00FFEA16 /* WBNewFeatureView.xib */; };
		822CC2841EFEA91F00FFEA16 /* WBTitleButton.swift in Sources */ = {isa = PBXBuildFile; fileRef = 822CC2831EFEA91F00FFEA16 /* WBTitleButton.swift */; };
		8236973C1F03964C006CE70E /* EmotionManager.swift in Sources */ = {isa = PBXBuildFile; fileRef = 8236973B1F03964C006CE70E /* EmotionManager.swift */; };
		823AE14D1EF8FA1E00CB1D86 /* WBDiscoverViewController.swift in Sources */ = {isa = PBXBuildFile; fileRef = 823AE1401EF8FA1D00CB1D86 /* WBDiscoverViewController.swift */; };
		823AE14E1EF8FA1E00CB1D86 /* WBHomeViewController.swift in Sources */ = {isa = PBXBuildFile; fileRef = 823AE1421EF8FA1D00CB1D86 /* WBHomeViewController.swift */; };
		823AE14F1EF8FA1E00CB1D86 /* WBQRCodeViewController.swift in Sources */ = {isa = PBXBuildFile; fileRef = 823AE1431EF8FA1D00CB1D86 /* WBQRCodeViewController.swift */; };
		823AE1531EF8FA1E00CB1D86 /* WbTabBarController.swift in Sources */ = {isa = PBXBuildFile; fileRef = 823AE1481EF8FA1E00CB1D86 /* WbTabBarController.swift */; };
		823AE1541EF8FA1E00CB1D86 /* WBMessageViewController.swift in Sources */ = {isa = PBXBuildFile; fileRef = 823AE14A1EF8FA1E00CB1D86 /* WBMessageViewController.swift */; };
		823AE1551EF8FA1E00CB1D86 /* WBMineViewController.swift in Sources */ = {isa = PBXBuildFile; fileRef = 823AE14C1EF8FA1E00CB1D86 /* WBMineViewController.swift */; };
		824AFBE01F0231090040C222 /* WBNavigationController.swift in Sources */ = {isa = PBXBuildFile; fileRef = 824AFBDB1F0231090040C222 /* WBNavigationController.swift */; };
		824AFBED1F0233D00040C222 /* NKTextView.swift in Sources */ = {isa = PBXBuildFile; fileRef = 824AFBEC1F0233D00040C222 /* NKTextView.swift */; };
		825CFF841F039B8D0089AE3C /* EmotionPackage.swift in Sources */ = {isa = PBXBuildFile; fileRef = 825CFF831F039B8D0089AE3C /* EmotionPackage.swift */; };
		825CFF861F039C750089AE3C /* Emotion.swift in Sources */ = {isa = PBXBuildFile; fileRef = 825CFF851F039C750089AE3C /* Emotion.swift */; };
		825CFF891F03AE3C0089AE3C /* EmotionInputView.swift in Sources */ = {isa = PBXBuildFile; fileRef = 825CFF881F03AE3C0089AE3C /* EmotionInputView.swift */; };
		825CFF8B1F03AE6C0089AE3C /* EmotionInputView.xib in Resources */ = {isa = PBXBuildFile; fileRef = 825CFF8A1F03AE6C0089AE3C /* EmotionInputView.xib */; };
		82629E911EF7B6AB00DA2D89 /* AppDelegate.swift in Sources */ = {isa = PBXBuildFile; fileRef = 82629E901EF7B6AB00DA2D89 /* AppDelegate.swift */; };
		82629E981EF7B6AB00DA2D89 /* Assets.xcassets in Resources */ = {isa = PBXBuildFile; fileRef = 82629E971EF7B6AB00DA2D89 /* Assets.xcassets */; };
		827319AC1F024C7E005E6FE0 /* WBComposeViewController.swift in Sources */ = {isa = PBXBuildFile; fileRef = 827319AA1F024C7E005E6FE0 /* WBComposeViewController.swift */; };
		827319AD1F024C7E005E6FE0 /* WBComposeViewController.xib in Resources */ = {isa = PBXBuildFile; fileRef = 827319AB1F024C7E005E6FE0 /* WBComposeViewController.xib */; };
		82A448421EFD5BB100CA3A50 /* Emotion.bundle in Resources */ = {isa = PBXBuildFile; fileRef = 82A448411EFD5BB100CA3A50 /* Emotion.bundle */; };
		82C7921F1EFCE9E4004929EF /* NSDate+Extension.swift in Sources */ = {isa = PBXBuildFile; fileRef = 82C7921E1EFCE9E4004929EF /* NSDate+Extension.swift */; };
		82C792211EFCFD89004929EF /* String+Extension.swift in Sources */ = {isa = PBXBuildFile; fileRef = 82C792201EFCFD89004929EF /* String+Extension.swift */; };
		82D6FD481EFFD78300E35C26 /* NKMTRefreshView.swift in Sources */ = {isa = PBXBuildFile; fileRef = 82D6FD441EFFD78300E35C26 /* NKMTRefreshView.swift */; };
		82D6FD491EFFD78300E35C26 /* NKMTRefreshView.xib in Resources */ = {isa = PBXBuildFile; fileRef = 82D6FD451EFFD78300E35C26 /* NKMTRefreshView.xib */; };
		82D6FD4A1EFFD78300E35C26 /* NKRefreshControl.swift in Sources */ = {isa = PBXBuildFile; fileRef = 82D6FD461EFFD78300E35C26 /* NKRefreshControl.swift */; };
		82D6FD4B1EFFD78300E35C26 /* NKRefreshView.xib in Resources */ = {isa = PBXBuildFile; fileRef = 82D6FD471EFFD78300E35C26 /* NKRefreshView.xib */; };
		82D6FD4D1EFFD79D00E35C26 /* NKRefreshView.swift in Sources */ = {isa = PBXBuildFile; fileRef = 82D6FD4C1EFFD79D00E35C26 /* NKRefreshView.swift */; };
		82E70A761F00F69E00629E0F /* WBComposeBtnView.swift in Sources */ = {isa = PBXBuildFile; fileRef = 82E70A721F00F69E00629E0F /* WBComposeBtnView.swift */; };
		82E70A771F00F69E00629E0F /* WBComposeBtnView.xib in Resources */ = {isa = PBXBuildFile; fileRef = 82E70A731F00F69E00629E0F /* WBComposeBtnView.xib */; };
		82E70A781F00F69E00629E0F /* WBComposeView.swift in Sources */ = {isa = PBXBuildFile; fileRef = 82E70A741F00F69E00629E0F /* WBComposeView.swift */; };
		82E70A791F00F69E00629E0F /* WBComposeView.xib in Resources */ = {isa = PBXBuildFile; fileRef = 82E70A751F00F69E00629E0F /* WBComposeView.xib */; };
/* End PBXBuildFile section */

/* Begin PBXFileReference section */
		3156A35D1937E9BB05AA6AB6 /* Pods_WeiBo.framework */ = {isa = PBXFileReference; explicitFileType = wrapper.framework; includeInIndex = 0; path = Pods_WeiBo.framework; sourceTree = BUILT_PRODUCTS_DIR; };
		4C48E5092314D04300ABF93A /* Const.swift */ = {isa = PBXFileReference; fileEncoding = 4; lastKnownFileType = sourcecode.swift; path = Const.swift; sourceTree = "<group>"; };
		4C48E5102314E0AA00ABF93A /* HttpClient.swift */ = {isa = PBXFileReference; lastKnownFileType = sourcecode.swift; path = HttpClient.swift; sourceTree = "<group>"; };
		4C48E5122315086900ABF93A /* API.swift */ = {isa = PBXFileReference; lastKnownFileType = sourcecode.swift; path = API.swift; sourceTree = "<group>"; };
		4C48E51423150D8400ABF93A /* WBBaseModel.swift */ = {isa = PBXFileReference; lastKnownFileType = sourcecode.swift; path = WBBaseModel.swift; sourceTree = "<group>"; };
		4C48E51D2315382600ABF93A /* PageStateManager.swift */ = {isa = PBXFileReference; lastKnownFileType = sourcecode.swift; path = PageStateManager.swift; sourceTree = "<group>"; };
		4C48E536232501B800ABF93A /* Route.swift */ = {isa = PBXFileReference; lastKnownFileType = sourcecode.swift; path = Route.swift; sourceTree = "<group>"; };
		62080142AD096097CFF29C40 /* Pods-WeiBo.release.xcconfig */ = {isa = PBXFileReference; includeInIndex = 1; lastKnownFileType = text.xcconfig; name = "Pods-WeiBo.release.xcconfig"; path = "Pods/Target Support Files/Pods-WeiBo/Pods-WeiBo.release.xcconfig"; sourceTree = "<group>"; };
		8201387F1EFC0AFB00244A2B /* WBStatusRetweetedCell.xib */ = {isa = PBXFileReference; fileEncoding = 4; lastKnownFileType = file.xib; path = WBStatusRetweetedCell.xib; sourceTree = "<group>"; };
		82036D341EFBC1360074361B /* WBStatusPictureView.swift */ = {isa = PBXFileReference; fileEncoding = 4; lastKnownFileType = sourcecode.swift; path = WBStatusPictureView.swift; sourceTree = "<group>"; };
		8204366E1EFA02C100A482FF /* Bundle+Extension.swift */ = {isa = PBXFileReference; fileEncoding = 4; lastKnownFileType = sourcecode.swift; path = "Bundle+Extension.swift"; sourceTree = "<group>"; };
		8204366F1EFA02C100A482FF /* UIBarButtonItem+Extension.swift */ = {isa = PBXFileReference; fileEncoding = 4; lastKnownFileType = sourcecode.swift; path = "UIBarButtonItem+Extension.swift"; sourceTree = "<group>"; };
		820436701EFA02C100A482FF /* UIButton+Extension.swift */ = {isa = PBXFileReference; fileEncoding = 4; lastKnownFileType = sourcecode.swift; path = "UIButton+Extension.swift"; sourceTree = "<group>"; };
		820436711EFA02C100A482FF /* UIColor+Extension.swift */ = {isa = PBXFileReference; fileEncoding = 4; lastKnownFileType = sourcecode.swift; path = "UIColor+Extension.swift"; sourceTree = "<group>"; };
		820436721EFA02C100A482FF /* UILabel+Extension.swift */ = {isa = PBXFileReference; fileEncoding = 4; lastKnownFileType = sourcecode.swift; path = "UILabel+Extension.swift"; sourceTree = "<group>"; };
		820BBA1A231D89F50012ADFB /* BaseViewController.swift */ = {isa = PBXFileReference; lastKnownFileType = sourcecode.swift; path = BaseViewController.swift; sourceTree = "<group>"; };
		820BBA1C231D8A070012ADFB /* BaseTableViewController.swift */ = {isa = PBXFileReference; lastKnownFileType = sourcecode.swift; path = BaseTableViewController.swift; sourceTree = "<group>"; };
		820BBA2223216E5F0012ADFB /* WBBaseTabViewController.swift */ = {isa = PBXFileReference; lastKnownFileType = sourcecode.swift; path = WBBaseTabViewController.swift; sourceTree = "<group>"; };
		820BBA242323F34D0012ADFB /* BaseSectionTableViewController.swift */ = {isa = PBXFileReference; lastKnownFileType = sourcecode.swift; path = BaseSectionTableViewController.swift; sourceTree = "<group>"; };
		8215BDD51EFA05FD00E0A642 /* WBNetworkManager.swift */ = {isa = PBXFileReference; fileEncoding = 4; lastKnownFileType = sourcecode.swift; path = WBNetworkManager.swift; sourceTree = "<group>"; };
		8215BDDA1EFA105300E0A642 /* WBUserAccont.swift */ = {isa = PBXFileReference; fileEncoding = 4; lastKnownFileType = sourcecode.swift; path = WBUserAccont.swift; sourceTree = "<group>"; };
		8215BDDD1EFA21B900E0A642 /* WBOAuthViewController.swift */ = {isa = PBXFileReference; fileEncoding = 4; lastKnownFileType = sourcecode.swift; path = WBOAuthViewController.swift; sourceTree = "<group>"; };
		8215BDE01EFA234000E0A642 /* VisitorView.swift */ = {isa = PBXFileReference; fileEncoding = 4; lastKnownFileType = sourcecode.swift; path = VisitorView.swift; sourceTree = "<group>"; };
		8215BDF31EFA764E00E0A642 /* WBStatusListViewModel.swift */ = {isa = PBXFileReference; fileEncoding = 4; lastKnownFileType = sourcecode.swift; path = WBStatusListViewModel.swift; sourceTree = "<group>"; };
		8215BDF71EFA76F700E0A642 /* WBStatus.swift */ = {isa = PBXFileReference; fileEncoding = 4; lastKnownFileType = sourcecode.swift; path = WBStatus.swift; sourceTree = "<group>"; };
		8216B7AF1F048FDF00650F29 /* EmotionToolView.swift */ = {isa = PBXFileReference; fileEncoding = 4; lastKnownFileType = sourcecode.swift; path = EmotionToolView.swift; sourceTree = "<group>"; };
		8216B7B31F0496B400650F29 /* EmotionCollectionViewFlowLayout.swift */ = {isa = PBXFileReference; fileEncoding = 4; lastKnownFileType = sourcecode.swift; path = EmotionCollectionViewFlowLayout.swift; sourceTree = "<group>"; };
		8216B7B71F0497E600650F29 /* EmotionCollectionViewCell.swift */ = {isa = PBXFileReference; fileEncoding = 4; lastKnownFileType = sourcecode.swift; path = EmotionCollectionViewCell.swift; sourceTree = "<group>"; };
		8216B7B91F049EC700650F29 /* UIViewFrame+Extension.swift */ = {isa = PBXFileReference; fileEncoding = 4; lastKnownFileType = sourcecode.swift; path = "UIViewFrame+Extension.swift"; sourceTree = "<group>"; };
		8216B7BB1F04B11200650F29 /* EmotionAttachment.swift */ = {isa = PBXFileReference; fileEncoding = 4; lastKnownFileType = sourcecode.swift; path = EmotionAttachment.swift; sourceTree = "<group>"; };
		8216B7BD1F04C80B00650F29 /* EmotionTipView.swift */ = {isa = PBXFileReference; fileEncoding = 4; lastKnownFileType = sourcecode.swift; path = EmotionTipView.swift; sourceTree = "<group>"; };
		8216B7C01F04CEE000650F29 /* NKLabel.swift */ = {isa = PBXFileReference; fileEncoding = 4; lastKnownFileType = sourcecode.swift; path = NKLabel.swift; sourceTree = "<group>"; };
		8222C2441EFB5A99008D0114 /* WBStatusCell.swift */ = {isa = PBXFileReference; fileEncoding = 4; lastKnownFileType = sourcecode.swift; path = WBStatusCell.swift; sourceTree = "<group>"; };
		8222C2481EFB5EDE008D0114 /* WBUser.swift */ = {isa = PBXFileReference; fileEncoding = 4; lastKnownFileType = sourcecode.swift; path = WBUser.swift; sourceTree = "<group>"; };
		8222C24A1EFB6102008D0114 /* WBStatusPicture.swift */ = {isa = PBXFileReference; fileEncoding = 4; lastKnownFileType = sourcecode.swift; path = WBStatusPicture.swift; sourceTree = "<group>"; };
		8222C24C1EFB6454008D0114 /* WBStatusViewModel.swift */ = {isa = PBXFileReference; fileEncoding = 4; lastKnownFileType = sourcecode.swift; path = WBStatusViewModel.swift; sourceTree = "<group>"; };
		8222C24E1EFB6877008D0114 /* WBStatusNormalCell.xib */ = {isa = PBXFileReference; fileEncoding = 4; lastKnownFileType = file.xib; path = WBStatusNormalCell.xib; sourceTree = "<group>"; };
		8222C2501EFB921F008D0114 /* UIImageView+Extension.swift */ = {isa = PBXFileReference; fileEncoding = 4; lastKnownFileType = sourcecode.swift; path = "UIImageView+Extension.swift"; sourceTree = "<group>"; };
		8222C2521EFB9714008D0114 /* UIImage+Extension.swift */ = {isa = PBXFileReference; fileEncoding = 4; lastKnownFileType = sourcecode.swift; path = "UIImage+Extension.swift"; sourceTree = "<group>"; };
		8222C2541EFBAA7D008D0114 /* WBStatusTooBar.swift */ = {isa = PBXFileReference; fileEncoding = 4; lastKnownFileType = sourcecode.swift; path = WBStatusTooBar.swift; sourceTree = "<group>"; };
		822CC2791EFE6A4400FFEA16 /* WBWelcomView.swift */ = {isa = PBXFileReference; fileEncoding = 4; lastKnownFileType = sourcecode.swift; path = WBWelcomView.swift; sourceTree = "<group>"; };
		822CC27B1EFE6A5500FFEA16 /* WBWelcomView.xib */ = {isa = PBXFileReference; fileEncoding = 4; lastKnownFileType = file.xib; path = WBWelcomView.xib; sourceTree = "<group>"; };
		822CC27E1EFE84C400FFEA16 /* WBNewFeatureView.swift */ = {isa = PBXFileReference; fileEncoding = 4; lastKnownFileType = sourcecode.swift; path = WBNewFeatureView.swift; sourceTree = "<group>"; };
		822CC2801EFE84CB00FFEA16 /* WBNewFeatureView.xib */ = {isa = PBXFileReference; fileEncoding = 4; lastKnownFileType = file.xib; path = WBNewFeatureView.xib; sourceTree = "<group>"; };
		822CC2831EFEA91F00FFEA16 /* WBTitleButton.swift */ = {isa = PBXFileReference; fileEncoding = 4; lastKnownFileType = sourcecode.swift; path = WBTitleButton.swift; sourceTree = "<group>"; };
		8236973B1F03964C006CE70E /* EmotionManager.swift */ = {isa = PBXFileReference; fileEncoding = 4; lastKnownFileType = sourcecode.swift; path = EmotionManager.swift; sourceTree = "<group>"; };
		823AE1401EF8FA1D00CB1D86 /* WBDiscoverViewController.swift */ = {isa = PBXFileReference; fileEncoding = 4; lastKnownFileType = sourcecode.swift; path = WBDiscoverViewController.swift; sourceTree = "<group>"; };
		823AE1421EF8FA1D00CB1D86 /* WBHomeViewController.swift */ = {isa = PBXFileReference; fileEncoding = 4; lastKnownFileType = sourcecode.swift; path = WBHomeViewController.swift; sourceTree = "<group>"; };
		823AE1431EF8FA1D00CB1D86 /* WBQRCodeViewController.swift */ = {isa = PBXFileReference; fileEncoding = 4; lastKnownFileType = sourcecode.swift; path = WBQRCodeViewController.swift; sourceTree = "<group>"; };
		823AE1481EF8FA1E00CB1D86 /* WbTabBarController.swift */ = {isa = PBXFileReference; fileEncoding = 4; lastKnownFileType = sourcecode.swift; path = WbTabBarController.swift; sourceTree = "<group>"; };
		823AE14A1EF8FA1E00CB1D86 /* WBMessageViewController.swift */ = {isa = PBXFileReference; fileEncoding = 4; lastKnownFileType = sourcecode.swift; path = WBMessageViewController.swift; sourceTree = "<group>"; };
		823AE14C1EF8FA1E00CB1D86 /* WBMineViewController.swift */ = {isa = PBXFileReference; fileEncoding = 4; lastKnownFileType = sourcecode.swift; path = WBMineViewController.swift; sourceTree = "<group>"; };
		824AFBDB1F0231090040C222 /* WBNavigationController.swift */ = {isa = PBXFileReference; fileEncoding = 4; lastKnownFileType = sourcecode.swift; path = WBNavigationController.swift; sourceTree = "<group>"; };
		824AFBEC1F0233D00040C222 /* NKTextView.swift */ = {isa = PBXFileReference; fileEncoding = 4; lastKnownFileType = sourcecode.swift; path = NKTextView.swift; sourceTree = "<group>"; };
		825CFF831F039B8D0089AE3C /* EmotionPackage.swift */ = {isa = PBXFileReference; fileEncoding = 4; lastKnownFileType = sourcecode.swift; lineEnding = 0; path = EmotionPackage.swift; sourceTree = "<group>"; };
		825CFF851F039C750089AE3C /* Emotion.swift */ = {isa = PBXFileReference; fileEncoding = 4; lastKnownFileType = sourcecode.swift; path = Emotion.swift; sourceTree = "<group>"; };
		825CFF881F03AE3C0089AE3C /* EmotionInputView.swift */ = {isa = PBXFileReference; fileEncoding = 4; lastKnownFileType = sourcecode.swift; path = EmotionInputView.swift; sourceTree = "<group>"; };
		825CFF8A1F03AE6C0089AE3C /* EmotionInputView.xib */ = {isa = PBXFileReference; fileEncoding = 4; lastKnownFileType = file.xib; path = EmotionInputView.xib; sourceTree = "<group>"; };
		82629E8D1EF7B6AB00DA2D89 /* WeiBo.app */ = {isa = PBXFileReference; explicitFileType = wrapper.application; includeInIndex = 0; path = WeiBo.app; sourceTree = BUILT_PRODUCTS_DIR; };
		82629E901EF7B6AB00DA2D89 /* AppDelegate.swift */ = {isa = PBXFileReference; lastKnownFileType = sourcecode.swift; path = AppDelegate.swift; sourceTree = "<group>"; };
		82629E971EF7B6AB00DA2D89 /* Assets.xcassets */ = {isa = PBXFileReference; lastKnownFileType = folder.assetcatalog; path = Assets.xcassets; sourceTree = "<group>"; };
		82629E9C1EF7B6AB00DA2D89 /* Info.plist */ = {isa = PBXFileReference; lastKnownFileType = text.plist.xml; path = Info.plist; sourceTree = "<group>"; };
		827319AA1F024C7E005E6FE0 /* WBComposeViewController.swift */ = {isa = PBXFileReference; fileEncoding = 4; lastKnownFileType = sourcecode.swift; path = WBComposeViewController.swift; sourceTree = "<group>"; };
		827319AB1F024C7E005E6FE0 /* WBComposeViewController.xib */ = {isa = PBXFileReference; fileEncoding = 4; lastKnownFileType = file.xib; path = WBComposeViewController.xib; sourceTree = "<group>"; };
		82A448411EFD5BB100CA3A50 /* Emotion.bundle */ = {isa = PBXFileReference; lastKnownFileType = "wrapper.plug-in"; path = Emotion.bundle; sourceTree = "<group>"; };
		82C7921E1EFCE9E4004929EF /* NSDate+Extension.swift */ = {isa = PBXFileReference; fileEncoding = 4; lastKnownFileType = sourcecode.swift; path = "NSDate+Extension.swift"; sourceTree = "<group>"; };
		82C792201EFCFD89004929EF /* String+Extension.swift */ = {isa = PBXFileReference; fileEncoding = 4; lastKnownFileType = sourcecode.swift; path = "String+Extension.swift"; sourceTree = "<group>"; };
		82D6FD441EFFD78300E35C26 /* NKMTRefreshView.swift */ = {isa = PBXFileReference; fileEncoding = 4; lastKnownFileType = sourcecode.swift; path = NKMTRefreshView.swift; sourceTree = "<group>"; };
		82D6FD451EFFD78300E35C26 /* NKMTRefreshView.xib */ = {isa = PBXFileReference; fileEncoding = 4; lastKnownFileType = file.xib; path = NKMTRefreshView.xib; sourceTree = "<group>"; };
		82D6FD461EFFD78300E35C26 /* NKRefreshControl.swift */ = {isa = PBXFileReference; fileEncoding = 4; lastKnownFileType = sourcecode.swift; path = NKRefreshControl.swift; sourceTree = "<group>"; };
		82D6FD471EFFD78300E35C26 /* NKRefreshView.xib */ = {isa = PBXFileReference; fileEncoding = 4; lastKnownFileType = file.xib; path = NKRefreshView.xib; sourceTree = "<group>"; };
		82D6FD4C1EFFD79D00E35C26 /* NKRefreshView.swift */ = {isa = PBXFileReference; fileEncoding = 4; lastKnownFileType = sourcecode.swift; path = NKRefreshView.swift; sourceTree = "<group>"; };
		82E70A721F00F69E00629E0F /* WBComposeBtnView.swift */ = {isa = PBXFileReference; fileEncoding = 4; lastKnownFileType = sourcecode.swift; path = WBComposeBtnView.swift; sourceTree = "<group>"; };
		82E70A731F00F69E00629E0F /* WBComposeBtnView.xib */ = {isa = PBXFileReference; fileEncoding = 4; lastKnownFileType = file.xib; path = WBComposeBtnView.xib; sourceTree = "<group>"; };
		82E70A741F00F69E00629E0F /* WBComposeView.swift */ = {isa = PBXFileReference; fileEncoding = 4; lastKnownFileType = sourcecode.swift; path = WBComposeView.swift; sourceTree = "<group>"; };
		82E70A751F00F69E00629E0F /* WBComposeView.xib */ = {isa = PBXFileReference; fileEncoding = 4; lastKnownFileType = file.xib; path = WBComposeView.xib; sourceTree = "<group>"; };
		EDA5D93F9E700ABEB0259962 /* Pods-WeiBo.debug.xcconfig */ = {isa = PBXFileReference; includeInIndex = 1; lastKnownFileType = text.xcconfig; name = "Pods-WeiBo.debug.xcconfig"; path = "Pods/Target Support Files/Pods-WeiBo/Pods-WeiBo.debug.xcconfig"; sourceTree = "<group>"; };
/* End PBXFileReference section */

/* Begin PBXFrameworksBuildPhase section */
		82629E8A1EF7B6AB00DA2D89 /* Frameworks */ = {
			isa = PBXFrameworksBuildPhase;
			buildActionMask = 2147483647;
			files = (
				411862309F96B0CA9ED0767E /* Pods_WeiBo.framework in Frameworks */,
			);
			runOnlyForDeploymentPostprocessing = 0;
		};
/* End PBXFrameworksBuildPhase section */

/* Begin PBXGroup section */
		15BA16F09E12C7B8235EE0E6 /* Pods */ = {
			isa = PBXGroup;
			children = (
				EDA5D93F9E700ABEB0259962 /* Pods-WeiBo.debug.xcconfig */,
				62080142AD096097CFF29C40 /* Pods-WeiBo.release.xcconfig */,
			);
			name = Pods;
			sourceTree = "<group>";
		};
		4C48E5082314CF9F00ABF93A /* Const */ = {
			isa = PBXGroup;
			children = (
				4C48E5092314D04300ABF93A /* Const.swift */,
			);
			path = Const;
			sourceTree = "<group>";
		};
		4C48E50F2314D70600ABF93A /* Http */ = {
			isa = PBXGroup;
			children = (
				4C48E5102314E0AA00ABF93A /* HttpClient.swift */,
				4C48E5122315086900ABF93A /* API.swift */,
			);
			path = Http;
			sourceTree = "<group>";
		};
		4C48E519231537FB00ABF93A /* Base */ = {
			isa = PBXGroup;
			children = (
				4C48E51D2315382600ABF93A /* PageStateManager.swift */,
				820BBA1A231D89F50012ADFB /* BaseViewController.swift */,
				820BBA1C231D8A070012ADFB /* BaseTableViewController.swift */,
				820BBA242323F34D0012ADFB /* BaseSectionTableViewController.swift */,
			);
			path = Base;
			sourceTree = "<group>";
		};
		4C48E5352324A4F100ABF93A /* Route */ = {
			isa = PBXGroup;
			children = (
				4C48E536232501B800ABF93A /* Route.swift */,
			);
			path = Route;
			sourceTree = "<group>";
		};
		8204366D1EFA02C100A482FF /* Extension */ = {
			isa = PBXGroup;
			children = (
				8216B7B91F049EC700650F29 /* UIViewFrame+Extension.swift */,
				8204366E1EFA02C100A482FF /* Bundle+Extension.swift */,
				8204366F1EFA02C100A482FF /* UIBarButtonItem+Extension.swift */,
				820436701EFA02C100A482FF /* UIButton+Extension.swift */,
				820436711EFA02C100A482FF /* UIColor+Extension.swift */,
				820436721EFA02C100A482FF /* UILabel+Extension.swift */,
				8222C2501EFB921F008D0114 /* UIImageView+Extension.swift */,
				8222C2521EFB9714008D0114 /* UIImage+Extension.swift */,
				82C7921E1EFCE9E4004929EF /* NSDate+Extension.swift */,
				82C792201EFCFD89004929EF /* String+Extension.swift */,
			);
			path = Extension;
			sourceTree = "<group>";
		};
		820436741EFA02C100A482FF /* Network */ = {
			isa = PBXGroup;
			children = (
				8215BDD51EFA05FD00E0A642 /* WBNetworkManager.swift */,
			);
			path = Network;
			sourceTree = "<group>";
		};
		8215BDD71EFA0EC900E0A642 /* Manger */ = {
			isa = PBXGroup;
			children = (
				8215BDDA1EFA105300E0A642 /* WBUserAccont.swift */,
			);
			path = Manger;
			sourceTree = "<group>";
		};
		8215BDDC1EFA219B00E0A642 /* OAuth */ = {
			isa = PBXGroup;
			children = (
				8215BDDD1EFA21B900E0A642 /* WBOAuthViewController.swift */,
			);
			path = OAuth;
			sourceTree = "<group>";
		};
		8215BDDF1EFA234000E0A642 /* VisitorView */ = {
			isa = PBXGroup;
			children = (
				8215BDE01EFA234000E0A642 /* VisitorView.swift */,
			);
			path = VisitorView;
			sourceTree = "<group>";
		};
		8216B7BF1F04CECD00650F29 /* AttributeLabel */ = {
			isa = PBXGroup;
			children = (
				8216B7C01F04CEE000650F29 /* NKLabel.swift */,
			);
			path = AttributeLabel;
			sourceTree = "<group>";
		};
		8222C2431EFB5A90008D0114 /* WBStatusCell */ = {
			isa = PBXGroup;
			children = (
				8222C2441EFB5A99008D0114 /* WBStatusCell.swift */,
				8222C24E1EFB6877008D0114 /* WBStatusNormalCell.xib */,
				8201387F1EFC0AFB00244A2B /* WBStatusRetweetedCell.xib */,
				8222C2541EFBAA7D008D0114 /* WBStatusTooBar.swift */,
				82036D341EFBC1360074361B /* WBStatusPictureView.swift */,
			);
			path = WBStatusCell;
			sourceTree = "<group>";
		};
		822CC2781EFE6A1300FFEA16 /* WelcomeVIew */ = {
			isa = PBXGroup;
			children = (
				822CC2791EFE6A4400FFEA16 /* WBWelcomView.swift */,
				822CC27B1EFE6A5500FFEA16 /* WBWelcomView.xib */,
			);
			path = WelcomeVIew;
			sourceTree = "<group>";
		};
		822CC27D1EFE84B000FFEA16 /* NewFeatureView */ = {
			isa = PBXGroup;
			children = (
				822CC27E1EFE84C400FFEA16 /* WBNewFeatureView.swift */,
				822CC2801EFE84CB00FFEA16 /* WBNewFeatureView.xib */,
			);
			path = NewFeatureView;
			sourceTree = "<group>";
		};
		822CC2821EFEA90100FFEA16 /* TitleView */ = {
			isa = PBXGroup;
			children = (
				822CC2831EFEA91F00FFEA16 /* WBTitleButton.swift */,
			);
			path = TitleView;
			sourceTree = "<group>";
		};
		823AE13E1EF8FA1D00CB1D86 /* View */ = {
			isa = PBXGroup;
			children = (
				824AFBDB1F0231090040C222 /* WBNavigationController.swift */,
				820BBA2223216E5F0012ADFB /* WBBaseTabViewController.swift */,
				823AE1441EF8FA1D00CB1D86 /* Main */,
				823AE1411EF8FA1D00CB1D86 /* Home */,
				823AE1491EF8FA1E00CB1D86 /* Message */,
				823AE13F1EF8FA1D00CB1D86 /* Discover */,
				823AE14B1EF8FA1E00CB1D86 /* Mine */,
			);
			path = View;
			sourceTree = "<group>";
		};
		823AE13F1EF8FA1D00CB1D86 /* Discover */ = {
			isa = PBXGroup;
			children = (
				823AE1401EF8FA1D00CB1D86 /* WBDiscoverViewController.swift */,
			);
			path = Discover;
			sourceTree = "<group>";
		};
		823AE1411EF8FA1D00CB1D86 /* Home */ = {
			isa = PBXGroup;
			children = (
				823AE1421EF8FA1D00CB1D86 /* WBHomeViewController.swift */,
				823AE1431EF8FA1D00CB1D86 /* WBQRCodeViewController.swift */,
				822CC2821EFEA90100FFEA16 /* TitleView */,
				8222C2431EFB5A90008D0114 /* WBStatusCell */,
			);
			path = Home;
			sourceTree = "<group>";
		};
		823AE1441EF8FA1D00CB1D86 /* Main */ = {
			isa = PBXGroup;
			children = (
				823AE1481EF8FA1E00CB1D86 /* WbTabBarController.swift */,
				827319AA1F024C7E005E6FE0 /* WBComposeViewController.swift */,
				827319AB1F024C7E005E6FE0 /* WBComposeViewController.xib */,
				82E70A711F00F69E00629E0F /* ComposeView */,
				8215BDDC1EFA219B00E0A642 /* OAuth */,
				8215BDDF1EFA234000E0A642 /* VisitorView */,
				822CC2781EFE6A1300FFEA16 /* WelcomeVIew */,
				822CC27D1EFE84B000FFEA16 /* NewFeatureView */,
			);
			path = Main;
			sourceTree = "<group>";
		};
		823AE1491EF8FA1E00CB1D86 /* Message */ = {
			isa = PBXGroup;
			children = (
				823AE14A1EF8FA1E00CB1D86 /* WBMessageViewController.swift */,
			);
			path = Message;
			sourceTree = "<group>";
		};
		823AE14B1EF8FA1E00CB1D86 /* Mine */ = {
			isa = PBXGroup;
			children = (
				823AE14C1EF8FA1E00CB1D86 /* WBMineViewController.swift */,
			);
			path = Mine;
			sourceTree = "<group>";
		};
		824AFBE71F0233A40040C222 /* TextView */ = {
			isa = PBXGroup;
			children = (
				824AFBEC1F0233D00040C222 /* NKTextView.swift */,
			);
			path = TextView;
			sourceTree = "<group>";
		};
		825CFF871F03AE230089AE3C /* View */ = {
			isa = PBXGroup;
			children = (
				825CFF881F03AE3C0089AE3C /* EmotionInputView.swift */,
				825CFF8A1F03AE6C0089AE3C /* EmotionInputView.xib */,
				8216B7AF1F048FDF00650F29 /* EmotionToolView.swift */,
				8216B7B31F0496B400650F29 /* EmotionCollectionViewFlowLayout.swift */,
				8216B7B71F0497E600650F29 /* EmotionCollectionViewCell.swift */,
				8216B7BD1F04C80B00650F29 /* EmotionTipView.swift */,
			);
			path = View;
			sourceTree = "<group>";
		};
		82629E841EF7B6AB00DA2D89 = {
			isa = PBXGroup;
			children = (
				82629E8F1EF7B6AB00DA2D89 /* WeiBo */,
				82629E8E1EF7B6AB00DA2D89 /* Products */,
				15BA16F09E12C7B8235EE0E6 /* Pods */,
				F33EAE9EADAD3687E0F3E48A /* Frameworks */,
			);
			sourceTree = "<group>";
		};
		82629E8E1EF7B6AB00DA2D89 /* Products */ = {
			isa = PBXGroup;
			children = (
				82629E8D1EF7B6AB00DA2D89 /* WeiBo.app */,
			);
			name = Products;
			sourceTree = "<group>";
		};
		82629E8F1EF7B6AB00DA2D89 /* WeiBo */ = {
			isa = PBXGroup;
			children = (
				82629E901EF7B6AB00DA2D89 /* AppDelegate.swift */,
				82629EBE1EF7B8D800DA2D89 /* Class */,
				82629E971EF7B6AB00DA2D89 /* Assets.xcassets */,
				82629E9C1EF7B6AB00DA2D89 /* Info.plist */,
			);
			path = WeiBo;
			sourceTree = "<group>";
		};
		82629EBE1EF7B8D800DA2D89 /* Class */ = {
			isa = PBXGroup;
			children = (
				4C48E5082314CF9F00ABF93A /* Const */,
				823AE13E1EF8FA1D00CB1D86 /* View */,
				82629EC51EF7B8D800DA2D89 /* Model */,
				82629EC81EF7B8D800DA2D89 /* ViewModel */,
				82629EC61EF7B8D800DA2D89 /* Utils */,
			);
			path = Class;
			sourceTree = "<group>";
		};
		82629EC51EF7B8D800DA2D89 /* Model */ = {
			isa = PBXGroup;
			children = (
				8215BDF71EFA76F700E0A642 /* WBStatus.swift */,
				8222C2481EFB5EDE008D0114 /* WBUser.swift */,
				8222C24A1EFB6102008D0114 /* WBStatusPicture.swift */,
				4C48E51423150D8400ABF93A /* WBBaseModel.swift */,
			);
			path = Model;
			sourceTree = "<group>";
		};
		82629EC61EF7B8D800DA2D89 /* Utils */ = {
			isa = PBXGroup;
			children = (
				4C48E5352324A4F100ABF93A /* Route */,
				4C48E519231537FB00ABF93A /* Base */,
				4C48E50F2314D70600ABF93A /* Http */,
				8216B7BF1F04CECD00650F29 /* AttributeLabel */,
				824AFBE71F0233A40040C222 /* TextView */,
				82D6FD431EFFD78300E35C26 /* NKRefresh */,
				82A448401EFD5BB100CA3A50 /* Emotion */,
				8215BDD71EFA0EC900E0A642 /* Manger */,
				8204366D1EFA02C100A482FF /* Extension */,
				820436741EFA02C100A482FF /* Network */,
			);
			path = Utils;
			sourceTree = "<group>";
		};
		82629EC81EF7B8D800DA2D89 /* ViewModel */ = {
			isa = PBXGroup;
			children = (
				8215BDF31EFA764E00E0A642 /* WBStatusListViewModel.swift */,
				8222C24C1EFB6454008D0114 /* WBStatusViewModel.swift */,
			);
			path = ViewModel;
			sourceTree = "<group>";
		};
		82A448401EFD5BB100CA3A50 /* Emotion */ = {
			isa = PBXGroup;
			children = (
				825CFF871F03AE230089AE3C /* View */,
				8236973B1F03964C006CE70E /* EmotionManager.swift */,
				825CFF831F039B8D0089AE3C /* EmotionPackage.swift */,
				825CFF851F039C750089AE3C /* Emotion.swift */,
				8216B7BB1F04B11200650F29 /* EmotionAttachment.swift */,
				82A448411EFD5BB100CA3A50 /* Emotion.bundle */,
			);
			path = Emotion;
			sourceTree = "<group>";
		};
		82D6FD431EFFD78300E35C26 /* NKRefresh */ = {
			isa = PBXGroup;
			children = (
				82D6FD441EFFD78300E35C26 /* NKMTRefreshView.swift */,
				82D6FD451EFFD78300E35C26 /* NKMTRefreshView.xib */,
				82D6FD461EFFD78300E35C26 /* NKRefreshControl.swift */,
				82D6FD4C1EFFD79D00E35C26 /* NKRefreshView.swift */,
				82D6FD471EFFD78300E35C26 /* NKRefreshView.xib */,
			);
			path = NKRefresh;
			sourceTree = "<group>";
		};
		82E70A711F00F69E00629E0F /* ComposeView */ = {
			isa = PBXGroup;
			children = (
				82E70A721F00F69E00629E0F /* WBComposeBtnView.swift */,
				82E70A731F00F69E00629E0F /* WBComposeBtnView.xib */,
				82E70A741F00F69E00629E0F /* WBComposeView.swift */,
				82E70A751F00F69E00629E0F /* WBComposeView.xib */,
			);
			path = ComposeView;
			sourceTree = "<group>";
		};
		F33EAE9EADAD3687E0F3E48A /* Frameworks */ = {
			isa = PBXGroup;
			children = (
				3156A35D1937E9BB05AA6AB6 /* Pods_WeiBo.framework */,
			);
			name = Frameworks;
			sourceTree = "<group>";
		};
/* End PBXGroup section */

/* Begin PBXNativeTarget section */
		82629E8C1EF7B6AB00DA2D89 /* WeiBo */ = {
			isa = PBXNativeTarget;
			buildConfigurationList = 82629EB51EF7B6AB00DA2D89 /* Build configuration list for PBXNativeTarget "WeiBo" */;
			buildPhases = (
				B8EDAA05F77CDE45C94B128E /* [CP] Check Pods Manifest.lock */,
				82629E891EF7B6AB00DA2D89 /* Sources */,
				82629E8A1EF7B6AB00DA2D89 /* Frameworks */,
				82629E8B1EF7B6AB00DA2D89 /* Resources */,
				9FCA80E9D1301121D0C1D214 /* [CP] Embed Pods Frameworks */,
			);
			buildRules = (
			);
			dependencies = (
			);
			name = WeiBo;
			productName = WeiBo;
			productReference = 82629E8D1EF7B6AB00DA2D89 /* WeiBo.app */;
			productType = "com.apple.product-type.application";
		};
/* End PBXNativeTarget section */

/* Begin PBXProject section */
		82629E851EF7B6AB00DA2D89 /* Project object */ = {
			isa = PBXProject;
			attributes = {
				LastSwiftUpdateCheck = 0830;
				LastUpgradeCheck = 0830;
				ORGANIZATIONNAME = com.nk;
				TargetAttributes = {
					82629E8C1EF7B6AB00DA2D89 = {
						CreatedOnToolsVersion = 8.3.2;
						LastSwiftMigration = 0830;
						ProvisioningStyle = Manual;
					};
				};
			};
			buildConfigurationList = 82629E881EF7B6AB00DA2D89 /* Build configuration list for PBXProject "WeiBo" */;
			compatibilityVersion = "Xcode 3.2";
			developmentRegion = English;
			hasScannedForEncodings = 0;
			knownRegions = (
				English,
				en,
				Base,
			);
			mainGroup = 82629E841EF7B6AB00DA2D89;
			productRefGroup = 82629E8E1EF7B6AB00DA2D89 /* Products */;
			projectDirPath = "";
			projectRoot = "";
			targets = (
				82629E8C1EF7B6AB00DA2D89 /* WeiBo */,
			);
		};
/* End PBXProject section */

/* Begin PBXResourcesBuildPhase section */
		82629E8B1EF7B6AB00DA2D89 /* Resources */ = {
			isa = PBXResourcesBuildPhase;
			buildActionMask = 2147483647;
			files = (
				827319AD1F024C7E005E6FE0 /* WBComposeViewController.xib in Resources */,
				82E70A791F00F69E00629E0F /* WBComposeView.xib in Resources */,
				8222C24F1EFB6877008D0114 /* WBStatusNormalCell.xib in Resources */,
				82E70A771F00F69E00629E0F /* WBComposeBtnView.xib in Resources */,
				82D6FD491EFFD78300E35C26 /* NKMTRefreshView.xib in Resources */,
				822CC2811EFE84CB00FFEA16 /* WBNewFeatureView.xib in Resources */,
				82A448421EFD5BB100CA3A50 /* Emotion.bundle in Resources */,
				82629E981EF7B6AB00DA2D89 /* Assets.xcassets in Resources */,
				82D6FD4B1EFFD78300E35C26 /* NKRefreshView.xib in Resources */,
				820138801EFC0AFB00244A2B /* WBStatusRetweetedCell.xib in Resources */,
				822CC27C1EFE6A5500FFEA16 /* WBWelcomView.xib in Resources */,
				825CFF8B1F03AE6C0089AE3C /* EmotionInputView.xib in Resources */,
			);
			runOnlyForDeploymentPostprocessing = 0;
		};
/* End PBXResourcesBuildPhase section */

/* Begin PBXShellScriptBuildPhase section */
		9FCA80E9D1301121D0C1D214 /* [CP] Embed Pods Frameworks */ = {
			isa = PBXShellScriptBuildPhase;
			buildActionMask = 2147483647;
			files = (
			);
			inputPaths = (
				"${PODS_ROOT}/Target Support Files/Pods-WeiBo/Pods-WeiBo-frameworks.sh",
				"${BUILT_PRODUCTS_DIR}/AFNetworking/AFNetworking.framework",
				"${BUILT_PRODUCTS_DIR}/Alamofire/Alamofire.framework",
				"${BUILT_PRODUCTS_DIR}/Differentiator/Differentiator.framework",
				"${BUILT_PRODUCTS_DIR}/HandyJSON/HandyJSON.framework",
				"${BUILT_PRODUCTS_DIR}/RxAlamofire/RxAlamofire.framework",
				"${BUILT_PRODUCTS_DIR}/RxCocoa/RxCocoa.framework",
				"${BUILT_PRODUCTS_DIR}/RxDataSources/RxDataSources.framework",
				"${BUILT_PRODUCTS_DIR}/RxRelay/RxRelay.framework",
				"${BUILT_PRODUCTS_DIR}/RxSwift/RxSwift.framework",
				"${BUILT_PRODUCTS_DIR}/SDWebImage/SDWebImage.framework",
				"${BUILT_PRODUCTS_DIR}/SVProgressHUD/SVProgressHUD.framework",
				"${BUILT_PRODUCTS_DIR}/SnapKit/SnapKit.framework",
				"${BUILT_PRODUCTS_DIR}/URLNavigator/URLNavigator.framework",
				"${BUILT_PRODUCTS_DIR}/pop/pop.framework",
			);
			name = "[CP] Embed Pods Frameworks";
			outputPaths = (
				"${TARGET_BUILD_DIR}/${FRAMEWORKS_FOLDER_PATH}/AFNetworking.framework",
				"${TARGET_BUILD_DIR}/${FRAMEWORKS_FOLDER_PATH}/Alamofire.framework",
				"${TARGET_BUILD_DIR}/${FRAMEWORKS_FOLDER_PATH}/Differentiator.framework",
				"${TARGET_BUILD_DIR}/${FRAMEWORKS_FOLDER_PATH}/HandyJSON.framework",
				"${TARGET_BUILD_DIR}/${FRAMEWORKS_FOLDER_PATH}/RxAlamofire.framework",
				"${TARGET_BUILD_DIR}/${FRAMEWORKS_FOLDER_PATH}/RxCocoa.framework",
				"${TARGET_BUILD_DIR}/${FRAMEWORKS_FOLDER_PATH}/RxDataSources.framework",
				"${TARGET_BUILD_DIR}/${FRAMEWORKS_FOLDER_PATH}/RxRelay.framework",
				"${TARGET_BUILD_DIR}/${FRAMEWORKS_FOLDER_PATH}/RxSwift.framework",
				"${TARGET_BUILD_DIR}/${FRAMEWORKS_FOLDER_PATH}/SDWebImage.framework",
				"${TARGET_BUILD_DIR}/${FRAMEWORKS_FOLDER_PATH}/SVProgressHUD.framework",
				"${TARGET_BUILD_DIR}/${FRAMEWORKS_FOLDER_PATH}/SnapKit.framework",
				"${TARGET_BUILD_DIR}/${FRAMEWORKS_FOLDER_PATH}/URLNavigator.framework",
				"${TARGET_BUILD_DIR}/${FRAMEWORKS_FOLDER_PATH}/pop.framework",
			);
			runOnlyForDeploymentPostprocessing = 0;
			shellPath = /bin/sh;
			shellScript = "\"${PODS_ROOT}/Target Support Files/Pods-WeiBo/Pods-WeiBo-frameworks.sh\"\n";
			showEnvVarsInLog = 0;
		};
		B8EDAA05F77CDE45C94B128E /* [CP] Check Pods Manifest.lock */ = {
			isa = PBXShellScriptBuildPhase;
			buildActionMask = 2147483647;
			files = (
			);
			inputPaths = (
				"${PODS_PODFILE_DIR_PATH}/Podfile.lock",
				"${PODS_ROOT}/Manifest.lock",
			);
			name = "[CP] Check Pods Manifest.lock";
			outputPaths = (
				"$(DERIVED_FILE_DIR)/Pods-WeiBo-checkManifestLockResult.txt",
			);
			runOnlyForDeploymentPostprocessing = 0;
			shellPath = /bin/sh;
			shellScript = "diff \"${PODS_PODFILE_DIR_PATH}/Podfile.lock\" \"${PODS_ROOT}/Manifest.lock\" > /dev/null\nif [ $? != 0 ] ; then\n    # print error to STDERR\n    echo \"error: The sandbox is not in sync with the Podfile.lock. Run 'pod install' or update your CocoaPods installation.\" >&2\n    exit 1\nfi\n# This output is used by Xcode 'outputs' to avoid re-running this script phase.\necho \"SUCCESS\" > \"${SCRIPT_OUTPUT_FILE_0}\"\n";
			showEnvVarsInLog = 0;
		};
/* End PBXShellScriptBuildPhase section */

/* Begin PBXSourcesBuildPhase section */
		82629E891EF7B6AB00DA2D89 /* Sources */ = {
			isa = PBXSourcesBuildPhase;
			buildActionMask = 2147483647;
			files = (
				8216B7B81F0497E600650F29 /* EmotionCollectionViewCell.swift in Sources */,
				8222C2511EFB921F008D0114 /* UIImageView+Extension.swift in Sources */,
				820BBA2323216E5F0012ADFB /* WBBaseTabViewController.swift in Sources */,
				823AE1551EF8FA1E00CB1D86 /* WBMineViewController.swift in Sources */,
				8216B7BA1F049EC700650F29 /* UIViewFrame+Extension.swift in Sources */,
				820BBA1B231D89F50012ADFB /* BaseViewController.swift in Sources */,
				823AE1541EF8FA1E00CB1D86 /* WBMessageViewController.swift in Sources */,
				82036D351EFBC1360074361B /* WBStatusPictureView.swift in Sources */,
				4C48E5132315086900ABF93A /* API.swift in Sources */,
				823AE14D1EF8FA1E00CB1D86 /* WBDiscoverViewController.swift in Sources */,
				8222C2531EFB9714008D0114 /* UIImage+Extension.swift in Sources */,
				82C792211EFCFD89004929EF /* String+Extension.swift in Sources */,
				8236973C1F03964C006CE70E /* EmotionManager.swift in Sources */,
				8222C24D1EFB6454008D0114 /* WBStatusViewModel.swift in Sources */,
				827319AC1F024C7E005E6FE0 /* WBComposeViewController.swift in Sources */,
				824AFBE01F0231090040C222 /* WBNavigationController.swift in Sources */,
				825CFF861F039C750089AE3C /* Emotion.swift in Sources */,
				820436791EFA02C100A482FF /* UILabel+Extension.swift in Sources */,
				8215BDDE1EFA21B900E0A642 /* WBOAuthViewController.swift in Sources */,
				822CC27A1EFE6A4400FFEA16 /* WBWelcomView.swift in Sources */,
				8216B7BC1F04B11200650F29 /* EmotionAttachment.swift in Sources */,
				8215BDE11EFA234000E0A642 /* VisitorView.swift in Sources */,
				82C7921F1EFCE9E4004929EF /* NSDate+Extension.swift in Sources */,
				82E70A761F00F69E00629E0F /* WBComposeBtnView.swift in Sources */,
				823AE14F1EF8FA1E00CB1D86 /* WBQRCodeViewController.swift in Sources */,
				82629E911EF7B6AB00DA2D89 /* AppDelegate.swift in Sources */,
				820436751EFA02C100A482FF /* Bundle+Extension.swift in Sources */,
				825CFF891F03AE3C0089AE3C /* EmotionInputView.swift in Sources */,
				82D6FD481EFFD78300E35C26 /* NKMTRefreshView.swift in Sources */,
				8215BDD61EFA05FD00E0A642 /* WBNetworkManager.swift in Sources */,
				82E70A781F00F69E00629E0F /* WBComposeView.swift in Sources */,
				820436781EFA02C100A482FF /* UIColor+Extension.swift in Sources */,
				822CC2841EFEA91F00FFEA16 /* WBTitleButton.swift in Sources */,
				4C48E537232501B800ABF93A /* Route.swift in Sources */,
				824AFBED1F0233D00040C222 /* NKTextView.swift in Sources */,
				8216B7B01F048FDF00650F29 /* EmotionToolView.swift in Sources */,
				820BBA252323F34D0012ADFB /* BaseSectionTableViewController.swift in Sources */,
				8222C2491EFB5EDE008D0114 /* WBUser.swift in Sources */,
				8222C2551EFBAA7D008D0114 /* WBStatusTooBar.swift in Sources */,
				8216B7BE1F04C80B00650F29 /* EmotionTipView.swift in Sources */,
				823AE14E1EF8FA1E00CB1D86 /* WBHomeViewController.swift in Sources */,
				823AE1531EF8FA1E00CB1D86 /* WbTabBarController.swift in Sources */,
				4C48E5112314E0AA00ABF93A /* HttpClient.swift in Sources */,
				8222C2451EFB5A99008D0114 /* WBStatusCell.swift in Sources */,
				8216B7B41F0496B400650F29 /* EmotionCollectionViewFlowLayout.swift in Sources */,
				822CC27F1EFE84C400FFEA16 /* WBNewFeatureView.swift in Sources */,
				8215BDDB1EFA105300E0A642 /* WBUserAccont.swift in Sources */,
				820BBA1D231D8A070012ADFB /* BaseTableViewController.swift in Sources */,
				8215BDF41EFA764E00E0A642 /* WBStatusListViewModel.swift in Sources */,
				820436761EFA02C100A482FF /* UIBarButtonItem+Extension.swift in Sources */,
				82D6FD4D1EFFD79D00E35C26 /* NKRefreshView.swift in Sources */,
				8216B7C11F04CEE000650F29 /* NKLabel.swift in Sources */,
				82D6FD4A1EFFD78300E35C26 /* NKRefreshControl.swift in Sources */,
				8222C24B1EFB6102008D0114 /* WBStatusPicture.swift in Sources */,
				825CFF841F039B8D0089AE3C /* EmotionPackage.swift in Sources */,
				820436771EFA02C100A482FF /* UIButton+Extension.swift in Sources */,
				4C48E51523150D8400ABF93A /* WBBaseModel.swift in Sources */,
				8215BDF81EFA76F700E0A642 /* WBStatus.swift in Sources */,
				4C48E51E2315382600ABF93A /* PageStateManager.swift in Sources */,
				4C48E50A2314D04300ABF93A /* Const.swift in Sources */,
			);
			runOnlyForDeploymentPostprocessing = 0;
		};
/* End PBXSourcesBuildPhase section */

/* Begin XCBuildConfiguration section */
		82629EB31EF7B6AB00DA2D89 /* Debug */ = {
			isa = XCBuildConfiguration;
			buildSettings = {
				ALWAYS_SEARCH_USER_PATHS = NO;
				CLANG_ANALYZER_NONNULL = YES;
				CLANG_ANALYZER_NUMBER_OBJECT_CONVERSION = YES_AGGRESSIVE;
				CLANG_CXX_LANGUAGE_STANDARD = "gnu++0x";
				CLANG_CXX_LIBRARY = "libc++";
				CLANG_ENABLE_MODULES = YES;
				CLANG_ENABLE_OBJC_ARC = YES;
				CLANG_WARN_BOOL_CONVERSION = YES;
				CLANG_WARN_CONSTANT_CONVERSION = YES;
				CLANG_WARN_DIRECT_OBJC_ISA_USAGE = YES_ERROR;
				CLANG_WARN_DOCUMENTATION_COMMENTS = YES;
				CLANG_WARN_EMPTY_BODY = YES;
				CLANG_WARN_ENUM_CONVERSION = YES;
				CLANG_WARN_INFINITE_RECURSION = YES;
				CLANG_WARN_INT_CONVERSION = YES;
				CLANG_WARN_OBJC_ROOT_CLASS = YES_ERROR;
				CLANG_WARN_SUSPICIOUS_MOVE = YES;
				CLANG_WARN_UNREACHABLE_CODE = YES;
				CLANG_WARN__DUPLICATE_METHOD_MATCH = YES;
				"CODE_SIGN_IDENTITY[sdk=iphoneos*]" = "iPhone Developer";
				COPY_PHASE_STRIP = NO;
				DEBUG_INFORMATION_FORMAT = dwarf;
				ENABLE_STRICT_OBJC_MSGSEND = YES;
				ENABLE_TESTABILITY = YES;
				GCC_C_LANGUAGE_STANDARD = gnu99;
				GCC_DYNAMIC_NO_PIC = NO;
				GCC_NO_COMMON_BLOCKS = YES;
				GCC_OPTIMIZATION_LEVEL = 0;
				GCC_PREPROCESSOR_DEFINITIONS = (
					"DEBUG=1",
					"$(inherited)",
				);
				GCC_WARN_64_TO_32_BIT_CONVERSION = YES;
				GCC_WARN_ABOUT_RETURN_TYPE = YES_ERROR;
				GCC_WARN_UNDECLARED_SELECTOR = YES;
				GCC_WARN_UNINITIALIZED_AUTOS = YES_AGGRESSIVE;
				GCC_WARN_UNUSED_FUNCTION = YES;
				GCC_WARN_UNUSED_VARIABLE = YES;
				IPHONEOS_DEPLOYMENT_TARGET = 10.3;
				MTL_ENABLE_DEBUG_INFO = YES;
				ONLY_ACTIVE_ARCH = YES;
				SDKROOT = iphoneos;
				SWIFT_ACTIVE_COMPILATION_CONDITIONS = DEBUG;
				SWIFT_OPTIMIZATION_LEVEL = "-Onone";
				TARGETED_DEVICE_FAMILY = "1,2";
			};
			name = Debug;
		};
		82629EB41EF7B6AB00DA2D89 /* Release */ = {
			isa = XCBuildConfiguration;
			buildSettings = {
				ALWAYS_SEARCH_USER_PATHS = NO;
				CLANG_ANALYZER_NONNULL = YES;
				CLANG_ANALYZER_NUMBER_OBJECT_CONVERSION = YES_AGGRESSIVE;
				CLANG_CXX_LANGUAGE_STANDARD = "gnu++0x";
				CLANG_CXX_LIBRARY = "libc++";
				CLANG_ENABLE_MODULES = YES;
				CLANG_ENABLE_OBJC_ARC = YES;
				CLANG_WARN_BOOL_CONVERSION = YES;
				CLANG_WARN_CONSTANT_CONVERSION = YES;
				CLANG_WARN_DIRECT_OBJC_ISA_USAGE = YES_ERROR;
				CLANG_WARN_DOCUMENTATION_COMMENTS = YES;
				CLANG_WARN_EMPTY_BODY = YES;
				CLANG_WARN_ENUM_CONVERSION = YES;
				CLANG_WARN_INFINITE_RECURSION = YES;
				CLANG_WARN_INT_CONVERSION = YES;
				CLANG_WARN_OBJC_ROOT_CLASS = YES_ERROR;
				CLANG_WARN_SUSPICIOUS_MOVE = YES;
				CLANG_WARN_UNREACHABLE_CODE = YES;
				CLANG_WARN__DUPLICATE_METHOD_MATCH = YES;
				"CODE_SIGN_IDENTITY[sdk=iphoneos*]" = "iPhone Developer";
				COPY_PHASE_STRIP = NO;
				DEBUG_INFORMATION_FORMAT = "dwarf-with-dsym";
				ENABLE_NS_ASSERTIONS = NO;
				ENABLE_STRICT_OBJC_MSGSEND = YES;
				GCC_C_LANGUAGE_STANDARD = gnu99;
				GCC_NO_COMMON_BLOCKS = YES;
				GCC_WARN_64_TO_32_BIT_CONVERSION = YES;
				GCC_WARN_ABOUT_RETURN_TYPE = YES_ERROR;
				GCC_WARN_UNDECLARED_SELECTOR = YES;
				GCC_WARN_UNINITIALIZED_AUTOS = YES_AGGRESSIVE;
				GCC_WARN_UNUSED_FUNCTION = YES;
				GCC_WARN_UNUSED_VARIABLE = YES;
				IPHONEOS_DEPLOYMENT_TARGET = 10.3;
				MTL_ENABLE_DEBUG_INFO = NO;
				SDKROOT = iphoneos;
				SWIFT_OPTIMIZATION_LEVEL = "-Owholemodule";
				TARGETED_DEVICE_FAMILY = "1,2";
				VALIDATE_PRODUCT = YES;
			};
			name = Release;
		};
		82629EB61EF7B6AB00DA2D89 /* Debug */ = {
			isa = XCBuildConfiguration;
			baseConfigurationReference = EDA5D93F9E700ABEB0259962 /* Pods-WeiBo.debug.xcconfig */;
			buildSettings = {
				ASSETCATALOG_COMPILER_APPICON_NAME = AppIcon;
				ASSETCATALOG_COMPILER_LAUNCHIMAGE_NAME = LaunchImage;
				CLANG_ENABLE_MODULES = YES;
				CLANG_ENABLE_MODULE_DEBUGGING = NO;
				DEVELOPMENT_TEAM = "";
				INFOPLIST_FILE = WeiBo/Info.plist;
				IPHONEOS_DEPLOYMENT_TARGET = 9.0;
				LD_RUNPATH_SEARCH_PATHS = "$(inherited) @executable_path/Frameworks";
				PRODUCT_BUNDLE_IDENTIFIER = com.nk.WeiBo;
				PRODUCT_NAME = "$(TARGET_NAME)";
				PROVISIONING_PROFILE_SPECIFIER = "";
				SWIFT_OBJC_BRIDGING_HEADER = "";
				SWIFT_OPTIMIZATION_LEVEL = "-Onone";
				SWIFT_VERSION = 5.0;
				TARGETED_DEVICE_FAMILY = 1;
			};
			name = Debug;
		};
		82629EB71EF7B6AB00DA2D89 /* Release */ = {
			isa = XCBuildConfiguration;
			baseConfigurationReference = 62080142AD096097CFF29C40 /* Pods-WeiBo.release.xcconfig */;
			buildSettings = {
				ASSETCATALOG_COMPILER_APPICON_NAME = AppIcon;
				ASSETCATALOG_COMPILER_LAUNCHIMAGE_NAME = LaunchImage;
				CLANG_ENABLE_MODULES = YES;
				CLANG_ENABLE_MODULE_DEBUGGING = NO;
				DEVELOPMENT_TEAM = "";
				INFOPLIST_FILE = WeiBo/Info.plist;
				IPHONEOS_DEPLOYMENT_TARGET = 9.0;
				LD_RUNPATH_SEARCH_PATHS = "$(inherited) @executable_path/Frameworks";
				PRODUCT_BUNDLE_IDENTIFIER = com.nk.WeiBo;
				PRODUCT_NAME = "$(TARGET_NAME)";
				PROVISIONING_PROFILE_SPECIFIER = "";
				SWIFT_OBJC_BRIDGING_HEADER = "";
				SWIFT_VERSION = 5.0;
				TARGETED_DEVICE_FAMILY = 1;
			};
			name = Release;
		};
/* End XCBuildConfiguration section */

/* Begin XCConfigurationList section */
		82629E881EF7B6AB00DA2D89 /* Build configuration list for PBXProject "WeiBo" */ = {
			isa = XCConfigurationList;
			buildConfigurations = (
				82629EB31EF7B6AB00DA2D89 /* Debug */,
				82629EB41EF7B6AB00DA2D89 /* Release */,
			);
			defaultConfigurationIsVisible = 0;
			defaultConfigurationName = Release;
		};
		82629EB51EF7B6AB00DA2D89 /* Build configuration list for PBXNativeTarget "WeiBo" */ = {
			isa = XCConfigurationList;
			buildConfigurations = (
				82629EB61EF7B6AB00DA2D89 /* Debug */,
				82629EB71EF7B6AB00DA2D89 /* Release */,
			);
			defaultConfigurationIsVisible = 0;
			defaultConfigurationName = Release;
		};
/* End XCConfigurationList section */
	};
	rootObject = 82629E851EF7B6AB00DA2D89 /* Project object */;
}
